
Microsoft Visual Studio Solution File, Format Version 12.00
# Visual Studio 15
VisualStudioVersion = 15.0.28307.271
MinimumVisualStudioVersion = 10.0.40219.1
Project("{FAE04EC0-301F-11D3-BF4B-00C04F79EFBC}") = "febnacci", "febnacci.csproj", "{FDEF17F7-FC13-4FE7-9877-0789FE47C77F}"
EndProject
Global
	GlobalSection(SolutionConfigurationPlatforms) = preSolution
		Debug|Any CPU = Debug|Any CPU
		Release|Any CPU = Release|Any CPU
	EndGlobalSection
	GlobalSection(ProjectConfigurationPlatforms) = postSolution
		{FDEF17F7-FC13-4FE7-9877-0789FE47C77F}.Debug|Any CPU.ActiveCfg = Debug|Any CPU
		{FDEF17F7-FC13-4FE7-9877-0789FE47C77F}.Debug|Any CPU.Build.0 = Debug|Any CPU
		{FDEF17F7-FC13-4FE7-9877-0789FE47C77F}.Release|Any CPU.ActiveCfg = Release|Any CPU
		{FDEF17F7-FC13-4FE7-9877-0789FE47C77F}.Release|Any CPU.Build.0 = Release|Any CPU
	EndGlobalSection
	GlobalSection(SolutionProperties) = preSolution
		HideSolutionNode = FALSE
	EndGlobalSection
	GlobalSection(ExtensibilityGlobals) = postSolution
		SolutionGuid = {F20FAE83-8E46-4983-A097-2B9FD8192DE6}
	EndGlobalSection
EndGlobal
