
Microsoft Visual Studio Solution File, Format Version 12.00
# Visual Studio 15
VisualStudioVersion = 15.0.28307.271
MinimumVisualStudioVersion = 10.0.40219.1
Project("{FAE04EC0-301F-11D3-BF4B-00C04F79EFBC}") = "IntegerArray", "IntegerArray.csproj", "{87FD12C7-7014-4F1C-A0D4-8098EBCB916C}"
EndProject
Global
	GlobalSection(SolutionConfigurationPlatforms) = preSolution
		Debug|Any CPU = Debug|Any CPU
		Release|Any CPU = Release|Any CPU
	EndGlobalSection
	GlobalSection(ProjectConfigurationPlatforms) = postSolution
		{87FD12C7-7014-4F1C-A0D4-8098EBCB916C}.Debug|Any CPU.ActiveCfg = Debug|Any CPU
		{87FD12C7-7014-4F1C-A0D4-8098EBCB916C}.Debug|Any CPU.Build.0 = Debug|Any CPU
		{87FD12C7-7014-4F1C-A0D4-8098EBCB916C}.Release|Any CPU.ActiveCfg = Release|Any CPU
		{87FD12C7-7014-4F1C-A0D4-8098EBCB916C}.Release|Any CPU.Build.0 = Release|Any CPU
	EndGlobalSection
	GlobalSection(SolutionProperties) = preSolution
		HideSolutionNode = FALSE
	EndGlobalSection
	GlobalSection(ExtensibilityGlobals) = postSolution
		SolutionGuid = {BA90CFAC-F9AC-4967-9600-C691FD5A8FE7}
	EndGlobalSection
EndGlobal
